
Microsoft Visual Studio Solution File, Format Version 12.00
# Visual Studio Version 17
VisualStudioVersion = 17.10.34916.146
MinimumVisualStudioVersion = 10.0.40219.1
Project("{2150E333-8FDC-42A3-9474-1A3956D46DE8}") = "Services", "Services", "{7F41FB83-32B3-4897-9FB8-A9571C515A9E}"
EndProject
Project("{2150E333-8FDC-42A3-9474-1A3956D46DE8}") = "Catalog", "Catalog", "{34E948EC-C51B-49CC-83F2-530708C4D11C}"
EndProject
Project("{9A19103F-16F7-4668-BE54-9A1E7A4F7556}") = "Catalog.API", "src\Services\Catalog\Catalog.API\Catalog.API.csproj", "{BE3B8006-9EFE-4BC4-966E-6330D264C4E9}"
EndProject
Project("{2150E333-8FDC-42A3-9474-1A3956D46DE8}") = "BuildingBlocks", "BuildingBlocks", "{6C4F5BBD-A856-4B6B-93BF-BE1BABEFFE0C}"
EndProject
Project("{9A19103F-16F7-4668-BE54-9A1E7A4F7556}") = "BuildingBlocks", "src\BuildingBlocks\BuildingBlocks\BuildingBlocks.csproj", "{ECC19C04-CE00-4F40-BA50-924C7F083363}"
EndProject
Project("{E53339B2-1760-4266-BCC7-CA923CBCF16C}") = "docker-compose", "docker-compose.dcproj", "{AD0A1457-891E-4239-9376-A79F75A29F6E}"
EndProject
Project("{2150E333-8FDC-42A3-9474-1A3956D46DE8}") = "Basket", "Basket", "{06726D98-2712-487F-BDE2-F8A639E588E4}"
EndProject
Project("{9A19103F-16F7-4668-BE54-9A1E7A4F7556}") = "Basket.API", "src\Services\Basket\Basket.API\Basket.API.csproj", "{E55675DA-07EF-464F-95D8-F55793713988}"
EndProject
Project("{2150E333-8FDC-42A3-9474-1A3956D46DE8}") = "Discount", "Discount", "{9D335581-1F24-4E48-9A52-5FF8B609094A}"
EndProject
Project("{9A19103F-16F7-4668-BE54-9A1E7A4F7556}") = "Discount.Grpc", "src\Services\Discount\Discount.Grpc\Discount.Grpc.csproj", "{9B08F09B-8D97-4582-94B0-781A0B4606DE}"
EndProject
Project("{2150E333-8FDC-42A3-9474-1A3956D46DE8}") = "Ordering", "Ordering", "{BEE57206-88C9-40DE-9EF9-8452B3DD2958}"
EndProject
Project("{9A19103F-16F7-4668-BE54-9A1E7A4F7556}") = "Ordering.API", "src\Services\Ordering\Ordering.API\Ordering.API.csproj", "{53E15794-942A-4F31-909B-3A7B8ACADD16}"
EndProject
Project("{9A19103F-16F7-4668-BE54-9A1E7A4F7556}") = "Ordering.Domain", "src\Services\Ordering\Ordering.Domain\Ordering.Domain.csproj", "{609DD21A-D6BF-4FE8-8292-E8461F93C75C}"
EndProject
Project("{9A19103F-16F7-4668-BE54-9A1E7A4F7556}") = "Ordering.Application", "src\Services\Ordering\Ordering.Application\Ordering.Application.csproj", "{55FA4E97-6E83-4014-8348-242884D27271}"
EndProject
Project("{9A19103F-16F7-4668-BE54-9A1E7A4F7556}") = "Ordering.Infrastructure", "src\Services\Ordering\Ordering.Infrastructure\Ordering.Infrastructure.csproj", "{0A2A08CB-6628-46B6-B5AB-D2F84F12AE0B}"
EndProject
Project("{9A19103F-16F7-4668-BE54-9A1E7A4F7556}") = "BuildingBlocks.Messaging", "src\BuildingBlocks\BuildingBlocks.Messaging\BuildingBlocks.Messaging.csproj", "{37CAB3B5-6BD8-44EE-BD27-CB08882B40B4}"
EndProject
Project("{2150E333-8FDC-42A3-9474-1A3956D46DE8}") = "ApiGateways", "ApiGateways", "{FAD798BD-93F6-4A39-A9A6-E38E0C5D8D82}"
EndProject
Project("{FAE04EC0-301F-11D3-BF4B-00C04F79EFBC}") = "YarpApiGateway", "src\ApiGateway\YarpApiGateway\YarpApiGateway.csproj", "{AF4CC6EC-8440-43B0-B2B4-2F986A23468F}"
EndProject
Global
	GlobalSection(SolutionConfigurationPlatforms) = preSolution
		Debug|Any CPU = Debug|Any CPU
		Release|Any CPU = Release|Any CPU
	EndGlobalSection
	GlobalSection(ProjectConfigurationPlatforms) = postSolution
		{BE3B8006-9EFE-4BC4-966E-6330D264C4E9}.Debug|Any CPU.ActiveCfg = Debug|Any CPU
		{BE3B8006-9EFE-4BC4-966E-6330D264C4E9}.Debug|Any CPU.Build.0 = Debug|Any CPU
		{BE3B8006-9EFE-4BC4-966E-6330D264C4E9}.Release|Any CPU.ActiveCfg = Release|Any CPU
		{BE3B8006-9EFE-4BC4-966E-6330D264C4E9}.Release|Any CPU.Build.0 = Release|Any CPU
		{ECC19C04-CE00-4F40-BA50-924C7F083363}.Debug|Any CPU.ActiveCfg = Debug|Any CPU
		{ECC19C04-CE00-4F40-BA50-924C7F083363}.Debug|Any CPU.Build.0 = Debug|Any CPU
		{ECC19C04-CE00-4F40-BA50-924C7F083363}.Release|Any CPU.ActiveCfg = Release|Any CPU
		{ECC19C04-CE00-4F40-BA50-924C7F083363}.Release|Any CPU.Build.0 = Release|Any CPU
		{AD0A1457-891E-4239-9376-A79F75A29F6E}.Debug|Any CPU.ActiveCfg = Debug|Any CPU
		{AD0A1457-891E-4239-9376-A79F75A29F6E}.Debug|Any CPU.Build.0 = Debug|Any CPU
		{AD0A1457-891E-4239-9376-A79F75A29F6E}.Release|Any CPU.ActiveCfg = Release|Any CPU
		{AD0A1457-891E-4239-9376-A79F75A29F6E}.Release|Any CPU.Build.0 = Release|Any CPU
		{E55675DA-07EF-464F-95D8-F55793713988}.Debug|Any CPU.ActiveCfg = Debug|Any CPU
		{E55675DA-07EF-464F-95D8-F55793713988}.Debug|Any CPU.Build.0 = Debug|Any CPU
		{E55675DA-07EF-464F-95D8-F55793713988}.Release|Any CPU.ActiveCfg = Release|Any CPU
		{E55675DA-07EF-464F-95D8-F55793713988}.Release|Any CPU.Build.0 = Release|Any CPU
		{9B08F09B-8D97-4582-94B0-781A0B4606DE}.Debug|Any CPU.ActiveCfg = Debug|Any CPU
		{9B08F09B-8D97-4582-94B0-781A0B4606DE}.Debug|Any CPU.Build.0 = Debug|Any CPU
		{9B08F09B-8D97-4582-94B0-781A0B4606DE}.Release|Any CPU.ActiveCfg = Release|Any CPU
		{9B08F09B-8D97-4582-94B0-781A0B4606DE}.Release|Any CPU.Build.0 = Release|Any CPU
		{53E15794-942A-4F31-909B-3A7B8ACADD16}.Debug|Any CPU.ActiveCfg = Debug|Any CPU
		{53E15794-942A-4F31-909B-3A7B8ACADD16}.Debug|Any CPU.Build.0 = Debug|Any CPU
		{53E15794-942A-4F31-909B-3A7B8ACADD16}.Release|Any CPU.ActiveCfg = Release|Any CPU
		{53E15794-942A-4F31-909B-3A7B8ACADD16}.Release|Any CPU.Build.0 = Release|Any CPU
		{609DD21A-D6BF-4FE8-8292-E8461F93C75C}.Debug|Any CPU.ActiveCfg = Debug|Any CPU
		{609DD21A-D6BF-4FE8-8292-E8461F93C75C}.Debug|Any CPU.Build.0 = Debug|Any CPU
		{609DD21A-D6BF-4FE8-8292-E8461F93C75C}.Release|Any CPU.ActiveCfg = Release|Any CPU
		{609DD21A-D6BF-4FE8-8292-E8461F93C75C}.Release|Any CPU.Build.0 = Release|Any CPU
		{55FA4E97-6E83-4014-8348-242884D27271}.Debug|Any CPU.ActiveCfg = Debug|Any CPU
		{55FA4E97-6E83-4014-8348-242884D27271}.Debug|Any CPU.Build.0 = Debug|Any CPU
		{55FA4E97-6E83-4014-8348-242884D27271}.Release|Any CPU.ActiveCfg = Release|Any CPU
		{55FA4E97-6E83-4014-8348-242884D27271}.Release|Any CPU.Build.0 = Release|Any CPU
		{0A2A08CB-6628-46B6-B5AB-D2F84F12AE0B}.Debug|Any CPU.ActiveCfg = Debug|Any CPU
		{0A2A08CB-6628-46B6-B5AB-D2F84F12AE0B}.Debug|Any CPU.Build.0 = Debug|Any CPU
		{0A2A08CB-6628-46B6-B5AB-D2F84F12AE0B}.Release|Any CPU.ActiveCfg = Release|Any CPU
		{0A2A08CB-6628-46B6-B5AB-D2F84F12AE0B}.Release|Any CPU.Build.0 = Release|Any CPU
		{37CAB3B5-6BD8-44EE-BD27-CB08882B40B4}.Debug|Any CPU.ActiveCfg = Debug|Any CPU
		{37CAB3B5-6BD8-44EE-BD27-CB08882B40B4}.Debug|Any CPU.Build.0 = Debug|Any CPU
		{37CAB3B5-6BD8-44EE-BD27-CB08882B40B4}.Release|Any CPU.ActiveCfg = Release|Any CPU
		{37CAB3B5-6BD8-44EE-BD27-CB08882B40B4}.Release|Any CPU.Build.0 = Release|Any CPU
		{AF4CC6EC-8440-43B0-B2B4-2F986A23468F}.Debug|Any CPU.ActiveCfg = Debug|Any CPU
		{AF4CC6EC-8440-43B0-B2B4-2F986A23468F}.Debug|Any CPU.Build.0 = Debug|Any CPU
		{AF4CC6EC-8440-43B0-B2B4-2F986A23468F}.Release|Any CPU.ActiveCfg = Release|Any CPU
		{AF4CC6EC-8440-43B0-B2B4-2F986A23468F}.Release|Any CPU.Build.0 = Release|Any CPU
	EndGlobalSection
	GlobalSection(SolutionProperties) = preSolution
		HideSolutionNode = FALSE
	EndGlobalSection
	GlobalSection(NestedProjects) = preSolution
		{34E948EC-C51B-49CC-83F2-530708C4D11C} = {7F41FB83-32B3-4897-9FB8-A9571C515A9E}
		{BE3B8006-9EFE-4BC4-966E-6330D264C4E9} = {34E948EC-C51B-49CC-83F2-530708C4D11C}
		{ECC19C04-CE00-4F40-BA50-924C7F083363} = {6C4F5BBD-A856-4B6B-93BF-BE1BABEFFE0C}
		{06726D98-2712-487F-BDE2-F8A639E588E4} = {7F41FB83-32B3-4897-9FB8-A9571C515A9E}
		{E55675DA-07EF-464F-95D8-F55793713988} = {06726D98-2712-487F-BDE2-F8A639E588E4}
		{9D335581-1F24-4E48-9A52-5FF8B609094A} = {7F41FB83-32B3-4897-9FB8-A9571C515A9E}
		{9B08F09B-8D97-4582-94B0-781A0B4606DE} = {9D335581-1F24-4E48-9A52-5FF8B609094A}
		{BEE57206-88C9-40DE-9EF9-8452B3DD2958} = {7F41FB83-32B3-4897-9FB8-A9571C515A9E}
		{53E15794-942A-4F31-909B-3A7B8ACADD16} = {BEE57206-88C9-40DE-9EF9-8452B3DD2958}
		{609DD21A-D6BF-4FE8-8292-E8461F93C75C} = {BEE57206-88C9-40DE-9EF9-8452B3DD2958}
		{55FA4E97-6E83-4014-8348-242884D27271} = {BEE57206-88C9-40DE-9EF9-8452B3DD2958}
		{0A2A08CB-6628-46B6-B5AB-D2F84F12AE0B} = {BEE57206-88C9-40DE-9EF9-8452B3DD2958}
		{37CAB3B5-6BD8-44EE-BD27-CB08882B40B4} = {6C4F5BBD-A856-4B6B-93BF-BE1BABEFFE0C}
		{AF4CC6EC-8440-43B0-B2B4-2F986A23468F} = {FAD798BD-93F6-4A39-A9A6-E38E0C5D8D82}
	EndGlobalSection
	GlobalSection(ExtensibilityGlobals) = postSolution
		SolutionGuid = {0F342147-ACE7-4AF7-8721-AD987E4556F0}
	EndGlobalSection
EndGlobal
